
Microsoft Visual Studio Solution File, Format Version 12.00
# Visual Studio Version 17
VisualStudioVersion = 17.5.002.0
MinimumVisualStudioVersion = 10.0.40219.1
Project("{2150E333-8FDC-42A3-9474-1A3956D46DE8}") = "Lesson1", "Lesson1", "{0AC173C7-E36B-4FA9-82D6-E34676126334}"
EndProject
Project("{9A19103F-16F7-4668-BE54-9A1E7A4F7556}") = "HW", "Lesson1\HW\HW.csproj", "{541BCC4F-6D54-4595-9235-F001CBEA48F8}"
EndProject
Project("{9A19103F-16F7-4668-BE54-9A1E7A4F7556}") = "Task1", "Lesson1\Task1\Task1.csproj", "{672411F8-CFE7-4064-A7CC-348941C6CADF}"
EndProject
Project("{9A19103F-16F7-4668-BE54-9A1E7A4F7556}") = "Task2", "Lesson1\Task2\Task2.csproj", "{7046AAEB-8FA5-449A-966A-C096EAF760FD}"
EndProject
Project("{9A19103F-16F7-4668-BE54-9A1E7A4F7556}") = "Task3", "Lesson1\Task3\Task3.csproj", "{E0E026D6-E60E-479B-9526-CCE23160BB8D}"
EndProject
Project("{9A19103F-16F7-4668-BE54-9A1E7A4F7556}") = "Task4", "Lesson1\Task4\Task4.csproj", "{4DCECE6D-2A3C-41FE-9DD6-968AA6ED429C}"
EndProject
Project("{9A19103F-16F7-4668-BE54-9A1E7A4F7556}") = "Task5", "Lesson1\Task5\Task5.csproj", "{74C3DEB0-438E-4ABC-9E9D-7C7006DD118F}"
EndProject
Project("{2150E333-8FDC-42A3-9474-1A3956D46DE8}") = "Lesson2", "Lesson2", "{64F6E476-C6D4-412F-954E-5ED9907359D7}"
EndProject
Project("{9A19103F-16F7-4668-BE54-9A1E7A4F7556}") = "Task2", "Lesson2\Task2\Task2.csproj", "{4362FC5A-66D4-4A4B-BEE5-FA508606FD54}"
EndProject
Project("{9A19103F-16F7-4668-BE54-9A1E7A4F7556}") = "Task21", "Lesson2\Task21\Task21.csproj", "{8A13BC82-CBEE-4599-B7E9-C8A40170CEC2}"
EndProject
Project("{9A19103F-16F7-4668-BE54-9A1E7A4F7556}") = "Task22", "Lesson2\Task22\Task22.csproj", "{4865128C-1E2E-4F66-BE70-493C17F605B2}"
EndProject
Project("{9A19103F-16F7-4668-BE54-9A1E7A4F7556}") = "Task23", "Lesson2\Task23\Task23.csproj", "{B8F40701-F466-40B0-B5EF-B6E29FA672EA}"
EndProject
Project("{9A19103F-16F7-4668-BE54-9A1E7A4F7556}") = "Task24", "Lesson2\Task24\Task24.csproj", "{A6817B7E-A184-4232-9B46-57632F80E18D}"
EndProject
Project("{2150E333-8FDC-42A3-9474-1A3956D46DE8}") = "Lesson3", "Lesson3", "{D48CB0F0-C0D8-4F84-B727-07B14CE65A12}"
EndProject
Project("{9A19103F-16F7-4668-BE54-9A1E7A4F7556}") = "1_1", "Lesson3\1_1\1_1.csproj", "{2E7C9704-4E13-4658-9865-E69CE1D860F0}"
EndProject
Project("{9A19103F-16F7-4668-BE54-9A1E7A4F7556}") = "3_2", "Lesson3\3_2\3_2.csproj", "{A359F66A-7B3C-4B6C-B4FD-C95A2CF7B468}"
EndProject
Project("{9A19103F-16F7-4668-BE54-9A1E7A4F7556}") = "3_3", "Lesson3\3_3\3_3.csproj", "{1D4D6DED-82C8-4CE1-B8CB-4A6448D640A3}"
EndProject
Project("{9A19103F-16F7-4668-BE54-9A1E7A4F7556}") = "3_4", "Lesson3\3_4\3_4.csproj", "{2A442519-622C-4819-86D9-3B91FAAE7D94}"
EndProject
Project("{9A19103F-16F7-4668-BE54-9A1E7A4F7556}") = "HW31", "Lesson3\HW31\HW31.csproj", "{C71B9FBC-15C2-4307-A07C-3DA7E1135687}"
EndProject
Project("{2150E333-8FDC-42A3-9474-1A3956D46DE8}") = "Lesson4", "Lesson4", "{2831A6C9-BDC0-43BB-9146-B4258EDB7DFE}"
EndProject
Project("{9A19103F-16F7-4668-BE54-9A1E7A4F7556}") = "4_1", "Lesson4\4_1\4_1.csproj", "{B0501D42-E705-4A61-B8D4-322668D28F4D}"
EndProject
Project("{9A19103F-16F7-4668-BE54-9A1E7A4F7556}") = "4_2", "Lesson4\4_2\4_2.csproj", "{2E5A2CE2-B36F-45C9-9B50-F8A5F0AA9CC2}"
EndProject
Global
	GlobalSection(SolutionConfigurationPlatforms) = preSolution
		Debug|Any CPU = Debug|Any CPU
		Release|Any CPU = Release|Any CPU
	EndGlobalSection
	GlobalSection(ProjectConfigurationPlatforms) = postSolution
		{541BCC4F-6D54-4595-9235-F001CBEA48F8}.Debug|Any CPU.ActiveCfg = Debug|Any CPU
		{541BCC4F-6D54-4595-9235-F001CBEA48F8}.Debug|Any CPU.Build.0 = Debug|Any CPU
		{541BCC4F-6D54-4595-9235-F001CBEA48F8}.Release|Any CPU.ActiveCfg = Release|Any CPU
		{541BCC4F-6D54-4595-9235-F001CBEA48F8}.Release|Any CPU.Build.0 = Release|Any CPU
		{672411F8-CFE7-4064-A7CC-348941C6CADF}.Debug|Any CPU.ActiveCfg = Debug|Any CPU
		{672411F8-CFE7-4064-A7CC-348941C6CADF}.Debug|Any CPU.Build.0 = Debug|Any CPU
		{672411F8-CFE7-4064-A7CC-348941C6CADF}.Release|Any CPU.ActiveCfg = Release|Any CPU
		{672411F8-CFE7-4064-A7CC-348941C6CADF}.Release|Any CPU.Build.0 = Release|Any CPU
		{7046AAEB-8FA5-449A-966A-C096EAF760FD}.Debug|Any CPU.ActiveCfg = Debug|Any CPU
		{7046AAEB-8FA5-449A-966A-C096EAF760FD}.Debug|Any CPU.Build.0 = Debug|Any CPU
		{7046AAEB-8FA5-449A-966A-C096EAF760FD}.Release|Any CPU.ActiveCfg = Release|Any CPU
		{7046AAEB-8FA5-449A-966A-C096EAF760FD}.Release|Any CPU.Build.0 = Release|Any CPU
		{E0E026D6-E60E-479B-9526-CCE23160BB8D}.Debug|Any CPU.ActiveCfg = Debug|Any CPU
		{E0E026D6-E60E-479B-9526-CCE23160BB8D}.Debug|Any CPU.Build.0 = Debug|Any CPU
		{E0E026D6-E60E-479B-9526-CCE23160BB8D}.Release|Any CPU.ActiveCfg = Release|Any CPU
		{E0E026D6-E60E-479B-9526-CCE23160BB8D}.Release|Any CPU.Build.0 = Release|Any CPU
		{4DCECE6D-2A3C-41FE-9DD6-968AA6ED429C}.Debug|Any CPU.ActiveCfg = Debug|Any CPU
		{4DCECE6D-2A3C-41FE-9DD6-968AA6ED429C}.Debug|Any CPU.Build.0 = Debug|Any CPU
		{4DCECE6D-2A3C-41FE-9DD6-968AA6ED429C}.Release|Any CPU.ActiveCfg = Release|Any CPU
		{4DCECE6D-2A3C-41FE-9DD6-968AA6ED429C}.Release|Any CPU.Build.0 = Release|Any CPU
		{74C3DEB0-438E-4ABC-9E9D-7C7006DD118F}.Debug|Any CPU.ActiveCfg = Debug|Any CPU
		{74C3DEB0-438E-4ABC-9E9D-7C7006DD118F}.Debug|Any CPU.Build.0 = Debug|Any CPU
		{74C3DEB0-438E-4ABC-9E9D-7C7006DD118F}.Release|Any CPU.ActiveCfg = Release|Any CPU
		{74C3DEB0-438E-4ABC-9E9D-7C7006DD118F}.Release|Any CPU.Build.0 = Release|Any CPU
		{4362FC5A-66D4-4A4B-BEE5-FA508606FD54}.Debug|Any CPU.ActiveCfg = Debug|Any CPU
		{4362FC5A-66D4-4A4B-BEE5-FA508606FD54}.Debug|Any CPU.Build.0 = Debug|Any CPU
		{4362FC5A-66D4-4A4B-BEE5-FA508606FD54}.Release|Any CPU.ActiveCfg = Release|Any CPU
		{4362FC5A-66D4-4A4B-BEE5-FA508606FD54}.Release|Any CPU.Build.0 = Release|Any CPU
		{8A13BC82-CBEE-4599-B7E9-C8A40170CEC2}.Debug|Any CPU.ActiveCfg = Debug|Any CPU
		{8A13BC82-CBEE-4599-B7E9-C8A40170CEC2}.Debug|Any CPU.Build.0 = Debug|Any CPU
		{8A13BC82-CBEE-4599-B7E9-C8A40170CEC2}.Release|Any CPU.ActiveCfg = Release|Any CPU
		{8A13BC82-CBEE-4599-B7E9-C8A40170CEC2}.Release|Any CPU.Build.0 = Release|Any CPU
		{4865128C-1E2E-4F66-BE70-493C17F605B2}.Debug|Any CPU.ActiveCfg = Debug|Any CPU
		{4865128C-1E2E-4F66-BE70-493C17F605B2}.Debug|Any CPU.Build.0 = Debug|Any CPU
		{4865128C-1E2E-4F66-BE70-493C17F605B2}.Release|Any CPU.ActiveCfg = Release|Any CPU
		{4865128C-1E2E-4F66-BE70-493C17F605B2}.Release|Any CPU.Build.0 = Release|Any CPU
		{B8F40701-F466-40B0-B5EF-B6E29FA672EA}.Debug|Any CPU.ActiveCfg = Debug|Any CPU
		{B8F40701-F466-40B0-B5EF-B6E29FA672EA}.Debug|Any CPU.Build.0 = Debug|Any CPU
		{B8F40701-F466-40B0-B5EF-B6E29FA672EA}.Release|Any CPU.ActiveCfg = Release|Any CPU
		{B8F40701-F466-40B0-B5EF-B6E29FA672EA}.Release|Any CPU.Build.0 = Release|Any CPU
		{A6817B7E-A184-4232-9B46-57632F80E18D}.Debug|Any CPU.ActiveCfg = Debug|Any CPU
		{A6817B7E-A184-4232-9B46-57632F80E18D}.Debug|Any CPU.Build.0 = Debug|Any CPU
		{A6817B7E-A184-4232-9B46-57632F80E18D}.Release|Any CPU.ActiveCfg = Release|Any CPU
		{A6817B7E-A184-4232-9B46-57632F80E18D}.Release|Any CPU.Build.0 = Release|Any CPU
		{2E7C9704-4E13-4658-9865-E69CE1D860F0}.Debug|Any CPU.ActiveCfg = Debug|Any CPU
		{2E7C9704-4E13-4658-9865-E69CE1D860F0}.Debug|Any CPU.Build.0 = Debug|Any CPU
		{2E7C9704-4E13-4658-9865-E69CE1D860F0}.Release|Any CPU.ActiveCfg = Release|Any CPU
		{2E7C9704-4E13-4658-9865-E69CE1D860F0}.Release|Any CPU.Build.0 = Release|Any CPU
		{A359F66A-7B3C-4B6C-B4FD-C95A2CF7B468}.Debug|Any CPU.ActiveCfg = Debug|Any CPU
		{A359F66A-7B3C-4B6C-B4FD-C95A2CF7B468}.Debug|Any CPU.Build.0 = Debug|Any CPU
		{A359F66A-7B3C-4B6C-B4FD-C95A2CF7B468}.Release|Any CPU.ActiveCfg = Release|Any CPU
		{A359F66A-7B3C-4B6C-B4FD-C95A2CF7B468}.Release|Any CPU.Build.0 = Release|Any CPU
		{1D4D6DED-82C8-4CE1-B8CB-4A6448D640A3}.Debug|Any CPU.ActiveCfg = Debug|Any CPU
		{1D4D6DED-82C8-4CE1-B8CB-4A6448D640A3}.Debug|Any CPU.Build.0 = Debug|Any CPU
		{1D4D6DED-82C8-4CE1-B8CB-4A6448D640A3}.Release|Any CPU.ActiveCfg = Release|Any CPU
		{1D4D6DED-82C8-4CE1-B8CB-4A6448D640A3}.Release|Any CPU.Build.0 = Release|Any CPU
		{2A442519-622C-4819-86D9-3B91FAAE7D94}.Debug|Any CPU.ActiveCfg = Debug|Any CPU
		{2A442519-622C-4819-86D9-3B91FAAE7D94}.Debug|Any CPU.Build.0 = Debug|Any CPU
		{2A442519-622C-4819-86D9-3B91FAAE7D94}.Release|Any CPU.ActiveCfg = Release|Any CPU
		{2A442519-622C-4819-86D9-3B91FAAE7D94}.Release|Any CPU.Build.0 = Release|Any CPU
		{C71B9FBC-15C2-4307-A07C-3DA7E1135687}.Debug|Any CPU.ActiveCfg = Debug|Any CPU
		{C71B9FBC-15C2-4307-A07C-3DA7E1135687}.Debug|Any CPU.Build.0 = Debug|Any CPU
		{C71B9FBC-15C2-4307-A07C-3DA7E1135687}.Release|Any CPU.ActiveCfg = Release|Any CPU
		{C71B9FBC-15C2-4307-A07C-3DA7E1135687}.Release|Any CPU.Build.0 = Release|Any CPU
		{B0501D42-E705-4A61-B8D4-322668D28F4D}.Debug|Any CPU.ActiveCfg = Debug|Any CPU
		{B0501D42-E705-4A61-B8D4-322668D28F4D}.Debug|Any CPU.Build.0 = Debug|Any CPU
		{B0501D42-E705-4A61-B8D4-322668D28F4D}.Release|Any CPU.ActiveCfg = Release|Any CPU
		{B0501D42-E705-4A61-B8D4-322668D28F4D}.Release|Any CPU.Build.0 = Release|Any CPU
		{2E5A2CE2-B36F-45C9-9B50-F8A5F0AA9CC2}.Debug|Any CPU.ActiveCfg = Debug|Any CPU
		{2E5A2CE2-B36F-45C9-9B50-F8A5F0AA9CC2}.Debug|Any CPU.Build.0 = Debug|Any CPU
		{2E5A2CE2-B36F-45C9-9B50-F8A5F0AA9CC2}.Release|Any CPU.ActiveCfg = Release|Any CPU
		{2E5A2CE2-B36F-45C9-9B50-F8A5F0AA9CC2}.Release|Any CPU.Build.0 = Release|Any CPU
	EndGlobalSection
	GlobalSection(SolutionProperties) = preSolution
		HideSolutionNode = FALSE
	EndGlobalSection
	GlobalSection(NestedProjects) = preSolution
		{541BCC4F-6D54-4595-9235-F001CBEA48F8} = {0AC173C7-E36B-4FA9-82D6-E34676126334}
		{672411F8-CFE7-4064-A7CC-348941C6CADF} = {0AC173C7-E36B-4FA9-82D6-E34676126334}
		{7046AAEB-8FA5-449A-966A-C096EAF760FD} = {0AC173C7-E36B-4FA9-82D6-E34676126334}
		{E0E026D6-E60E-479B-9526-CCE23160BB8D} = {0AC173C7-E36B-4FA9-82D6-E34676126334}
		{4DCECE6D-2A3C-41FE-9DD6-968AA6ED429C} = {0AC173C7-E36B-4FA9-82D6-E34676126334}
		{74C3DEB0-438E-4ABC-9E9D-7C7006DD118F} = {0AC173C7-E36B-4FA9-82D6-E34676126334}
		{4362FC5A-66D4-4A4B-BEE5-FA508606FD54} = {64F6E476-C6D4-412F-954E-5ED9907359D7}
		{8A13BC82-CBEE-4599-B7E9-C8A40170CEC2} = {64F6E476-C6D4-412F-954E-5ED9907359D7}
		{4865128C-1E2E-4F66-BE70-493C17F605B2} = {64F6E476-C6D4-412F-954E-5ED9907359D7}
		{B8F40701-F466-40B0-B5EF-B6E29FA672EA} = {64F6E476-C6D4-412F-954E-5ED9907359D7}
		{A6817B7E-A184-4232-9B46-57632F80E18D} = {64F6E476-C6D4-412F-954E-5ED9907359D7}
		{2E7C9704-4E13-4658-9865-E69CE1D860F0} = {D48CB0F0-C0D8-4F84-B727-07B14CE65A12}
		{A359F66A-7B3C-4B6C-B4FD-C95A2CF7B468} = {D48CB0F0-C0D8-4F84-B727-07B14CE65A12}
		{1D4D6DED-82C8-4CE1-B8CB-4A6448D640A3} = {D48CB0F0-C0D8-4F84-B727-07B14CE65A12}
		{2A442519-622C-4819-86D9-3B91FAAE7D94} = {D48CB0F0-C0D8-4F84-B727-07B14CE65A12}
		{C71B9FBC-15C2-4307-A07C-3DA7E1135687} = {D48CB0F0-C0D8-4F84-B727-07B14CE65A12}
		{B0501D42-E705-4A61-B8D4-322668D28F4D} = {2831A6C9-BDC0-43BB-9146-B4258EDB7DFE}
		{2E5A2CE2-B36F-45C9-9B50-F8A5F0AA9CC2} = {2831A6C9-BDC0-43BB-9146-B4258EDB7DFE}
	EndGlobalSection
	GlobalSection(ExtensibilityGlobals) = postSolution
		SolutionGuid = {0A23A65A-7C32-43D8-8B9A-E78814CF84AD}
	EndGlobalSection
EndGlobal
